
Microsoft Visual Studio Solution File, Format Version 12.00
# Visual Studio 14
VisualStudioVersion = 14.0.24720.0
MinimumVisualStudioVersion = 10.0.40219.1
Project("{FAE04EC0-301F-11D3-BF4B-00C04F79EFBC}") = "PrimeTablerModel", "PrimeTablerModel\PrimeTablerModel.csproj", "{C31726F6-C000-4461-AF37-E83C775F9B94}"
EndProject
Project("{FAE04EC0-301F-11D3-BF4B-00C04F79EFBC}") = "PrimeTablerTest", "PrimeTablerTest\PrimeTablerTest.csproj", "{600EBA3B-875A-4452-A65F-DFCE03AE5015}"
EndProject
Global
	GlobalSection(SolutionConfigurationPlatforms) = preSolution
		Debug|Any CPU = Debug|Any CPU
		Release|Any CPU = Release|Any CPU
	EndGlobalSection
	GlobalSection(ProjectConfigurationPlatforms) = postSolution
		{C31726F6-C000-4461-AF37-E83C775F9B94}.Debug|Any CPU.ActiveCfg = Debug|Any CPU
		{C31726F6-C000-4461-AF37-E83C775F9B94}.Debug|Any CPU.Build.0 = Debug|Any CPU
		{C31726F6-C000-4461-AF37-E83C775F9B94}.Release|Any CPU.ActiveCfg = Release|Any CPU
		{C31726F6-C000-4461-AF37-E83C775F9B94}.Release|Any CPU.Build.0 = Release|Any CPU
		{600EBA3B-875A-4452-A65F-DFCE03AE5015}.Debug|Any CPU.ActiveCfg = Debug|Any CPU
		{600EBA3B-875A-4452-A65F-DFCE03AE5015}.Debug|Any CPU.Build.0 = Debug|Any CPU
		{600EBA3B-875A-4452-A65F-DFCE03AE5015}.Release|Any CPU.ActiveCfg = Release|Any CPU
		{600EBA3B-875A-4452-A65F-DFCE03AE5015}.Release|Any CPU.Build.0 = Release|Any CPU
	EndGlobalSection
	GlobalSection(SolutionProperties) = preSolution
		HideSolutionNode = FALSE
	EndGlobalSection
EndGlobal
